// !$*UTF8*$!
{
	archiveVersion = 1;
	classes = {
	};
	objectVersion = 50;
	objects = {

/* Begin PBXBuildFile section */
		2F0D9B54241797A2004DAB35 /* ColorReplacementOperation.swift in Sources */ = {isa = PBXBuildFile; fileRef = 2F0D9B53241797A2004DAB35 /* ColorReplacementOperation.swift */; };
		2F0D9B56241797B4004DAB35 /* ColorReplacementModel.swift in Sources */ = {isa = PBXBuildFile; fileRef = 2F0D9B55241797B4004DAB35 /* ColorReplacementModel.swift */; };
		2F68F6D724172B20003FA2F6 /* FileListItemView.swift in Sources */ = {isa = PBXBuildFile; fileRef = 2F68F6D624172B20003FA2F6 /* FileListItemView.swift */; };
		2F68F6D924172B49003FA2F6 /* FileListColorItemView.swift in Sources */ = {isa = PBXBuildFile; fileRef = 2F68F6D824172B49003FA2F6 /* FileListColorItemView.swift */; };
		2F68F6DB24172B6B003FA2F6 /* Color + Hex.swift in Sources */ = {isa = PBXBuildFile; fileRef = 2F68F6DA24172B6B003FA2F6 /* Color + Hex.swift */; };
		2F68F6DD24172B96003FA2F6 /* FileListControls.swift in Sources */ = {isa = PBXBuildFile; fileRef = 2F68F6DC24172B96003FA2F6 /* FileListControls.swift */; };
		2F68F6E0241733D1003FA2F6 /* ColorInputView.swift in Sources */ = {isa = PBXBuildFile; fileRef = 2F68F6DF241733D1003FA2F6 /* ColorInputView.swift */; };
		2F68F6E224175234003FA2F6 /* FileModel.swift in Sources */ = {isa = PBXBuildFile; fileRef = 2F68F6E124175234003FA2F6 /* FileModel.swift */; };
		2F760706241867150051D8B5 /* CustomColor.swift in Sources */ = {isa = PBXBuildFile; fileRef = 2F760705241867150051D8B5 /* CustomColor.swift */; };
		2F7FCF5D2418300B004C79AD /* Document.swift in Sources */ = {isa = PBXBuildFile; fileRef = 2F7FCF582418300A004C79AD /* Document.swift */; };
		2F7FCF5E2418300B004C79AD /* Options.swift in Sources */ = {isa = PBXBuildFile; fileRef = 2F7FCF592418300A004C79AD /* Options.swift */; };
		2F7FCF5F2418300B004C79AD /* Element.swift in Sources */ = {isa = PBXBuildFile; fileRef = 2F7FCF5A2418300A004C79AD /* Element.swift */; };
		2F7FCF602418300B004C79AD /* Parser.swift in Sources */ = {isa = PBXBuildFile; fileRef = 2F7FCF5B2418300B004C79AD /* Parser.swift */; };
		2F7FCF612418300B004C79AD /* Error.swift in Sources */ = {isa = PBXBuildFile; fileRef = 2F7FCF5C2418300B004C79AD /* Error.swift */; };
		2FCBC7602417A54C00E290FD /* RadioButton.swift in Sources */ = {isa = PBXBuildFile; fileRef = 2FCBC75F2417A54C00E290FD /* RadioButton.swift */; };
		2FD802D12414232B00D07D08 /* AppDelegate.swift in Sources */ = {isa = PBXBuildFile; fileRef = 2FD802D02414232B00D07D08 /* AppDelegate.swift */; };
		2FD802D32414232B00D07D08 /* ContentView.swift in Sources */ = {isa = PBXBuildFile; fileRef = 2FD802D22414232B00D07D08 /* ContentView.swift */; };
		2FD802D52414232D00D07D08 /* Assets.xcassets in Resources */ = {isa = PBXBuildFile; fileRef = 2FD802D42414232D00D07D08 /* Assets.xcassets */; };
		2FD802D82414232D00D07D08 /* Preview Assets.xcassets in Resources */ = {isa = PBXBuildFile; fileRef = 2FD802D72414232D00D07D08 /* Preview Assets.xcassets */; };
		2FD802DB2414232D00D07D08 /* Main.storyboard in Resources */ = {isa = PBXBuildFile; fileRef = 2FD802D92414232D00D07D08 /* Main.storyboard */; };
		2FD802E42414313F00D07D08 /* DragAndDropView.swift in Sources */ = {isa = PBXBuildFile; fileRef = 2FD802E32414313F00D07D08 /* DragAndDropView.swift */; };
		2FD802E824145F9600D07D08 /* XMLManager.swift in Sources */ = {isa = PBXBuildFile; fileRef = 2FD802E724145F9600D07D08 /* XMLManager.swift */; };
		2FD802EA2414788E00D07D08 /* FileListView.swift in Sources */ = {isa = PBXBuildFile; fileRef = 2FD802E92414788E00D07D08 /* FileListView.swift */; };
/* End PBXBuildFile section */

/* Begin PBXFileReference section */
		2F0D9B53241797A2004DAB35 /* ColorReplacementOperation.swift */ = {isa = PBXFileReference; lastKnownFileType = sourcecode.swift; path = ColorReplacementOperation.swift; sourceTree = "<group>"; };
		2F0D9B55241797B4004DAB35 /* ColorReplacementModel.swift */ = {isa = PBXFileReference; lastKnownFileType = sourcecode.swift; path = ColorReplacementModel.swift; sourceTree = "<group>"; };
		2F68F6D624172B20003FA2F6 /* FileListItemView.swift */ = {isa = PBXFileReference; lastKnownFileType = sourcecode.swift; path = FileListItemView.swift; sourceTree = "<group>"; };
		2F68F6D824172B49003FA2F6 /* FileListColorItemView.swift */ = {isa = PBXFileReference; lastKnownFileType = sourcecode.swift; path = FileListColorItemView.swift; sourceTree = "<group>"; };
		2F68F6DA24172B6B003FA2F6 /* Color + Hex.swift */ = {isa = PBXFileReference; lastKnownFileType = sourcecode.swift; path = "Color + Hex.swift"; sourceTree = "<group>"; };
		2F68F6DC24172B96003FA2F6 /* FileListControls.swift */ = {isa = PBXFileReference; lastKnownFileType = sourcecode.swift; path = FileListControls.swift; sourceTree = "<group>"; };
		2F68F6DF241733D1003FA2F6 /* ColorInputView.swift */ = {isa = PBXFileReference; lastKnownFileType = sourcecode.swift; path = ColorInputView.swift; sourceTree = "<group>"; };
		2F68F6E124175234003FA2F6 /* FileModel.swift */ = {isa = PBXFileReference; lastKnownFileType = sourcecode.swift; path = FileModel.swift; sourceTree = "<group>"; };
		2F760705241867150051D8B5 /* CustomColor.swift */ = {isa = PBXFileReference; lastKnownFileType = sourcecode.swift; path = CustomColor.swift; sourceTree = "<group>"; };
		2F7FCF582418300A004C79AD /* Document.swift */ = {isa = PBXFileReference; fileEncoding = 4; lastKnownFileType = sourcecode.swift; path = Document.swift; sourceTree = "<group>"; };
		2F7FCF592418300A004C79AD /* Options.swift */ = {isa = PBXFileReference; fileEncoding = 4; lastKnownFileType = sourcecode.swift; path = Options.swift; sourceTree = "<group>"; };
		2F7FCF5A2418300A004C79AD /* Element.swift */ = {isa = PBXFileReference; fileEncoding = 4; lastKnownFileType = sourcecode.swift; path = Element.swift; sourceTree = "<group>"; };
		2F7FCF5B2418300B004C79AD /* Parser.swift */ = {isa = PBXFileReference; fileEncoding = 4; lastKnownFileType = sourcecode.swift; path = Parser.swift; sourceTree = "<group>"; };
		2F7FCF5C2418300B004C79AD /* Error.swift */ = {isa = PBXFileReference; fileEncoding = 4; lastKnownFileType = sourcecode.swift; path = Error.swift; sourceTree = "<group>"; };
		2FCBC75F2417A54C00E290FD /* RadioButton.swift */ = {isa = PBXFileReference; lastKnownFileType = sourcecode.swift; path = RadioButton.swift; sourceTree = "<group>"; };
		2FD802CD2414232B00D07D08 /* XcodeColorTool.app */ = {isa = PBXFileReference; explicitFileType = wrapper.application; includeInIndex = 0; path = XcodeColorTool.app; sourceTree = BUILT_PRODUCTS_DIR; };
		2FD802D02414232B00D07D08 /* AppDelegate.swift */ = {isa = PBXFileReference; lastKnownFileType = sourcecode.swift; path = AppDelegate.swift; sourceTree = "<group>"; };
		2FD802D22414232B00D07D08 /* ContentView.swift */ = {isa = PBXFileReference; lastKnownFileType = sourcecode.swift; path = ContentView.swift; sourceTree = "<group>"; };
		2FD802D42414232D00D07D08 /* Assets.xcassets */ = {isa = PBXFileReference; lastKnownFileType = folder.assetcatalog; path = Assets.xcassets; sourceTree = "<group>"; };
		2FD802D72414232D00D07D08 /* Preview Assets.xcassets */ = {isa = PBXFileReference; lastKnownFileType = folder.assetcatalog; path = "Preview Assets.xcassets"; sourceTree = "<group>"; };
		2FD802DA2414232D00D07D08 /* Base */ = {isa = PBXFileReference; lastKnownFileType = file.storyboard; name = Base; path = Base.lproj/Main.storyboard; sourceTree = "<group>"; };
		2FD802DC2414232D00D07D08 /* Info.plist */ = {isa = PBXFileReference; lastKnownFileType = text.plist.xml; path = Info.plist; sourceTree = "<group>"; };
		2FD802DD2414232D00D07D08 /* Xcode_color_tool.entitlements */ = {isa = PBXFileReference; lastKnownFileType = text.plist.entitlements; path = Xcode_color_tool.entitlements; sourceTree = "<group>"; };
		2FD802E32414313F00D07D08 /* DragAndDropView.swift */ = {isa = PBXFileReference; lastKnownFileType = sourcecode.swift; path = DragAndDropView.swift; sourceTree = "<group>"; };
		2FD802E724145F9600D07D08 /* XMLManager.swift */ = {isa = PBXFileReference; lastKnownFileType = sourcecode.swift; path = XMLManager.swift; sourceTree = "<group>"; };
		2FD802E92414788E00D07D08 /* FileListView.swift */ = {isa = PBXFileReference; lastKnownFileType = sourcecode.swift; path = FileListView.swift; sourceTree = "<group>"; };
/* End PBXFileReference section */

/* Begin PBXFrameworksBuildPhase section */
		2FD802CA2414232B00D07D08 /* Frameworks */ = {
			isa = PBXFrameworksBuildPhase;
			buildActionMask = 2147483647;
			files = (
			);
			runOnlyForDeploymentPostprocessing = 0;
		};
/* End PBXFrameworksBuildPhase section */

/* Begin PBXGroup section */
		2F68F6DE24172C57003FA2F6 /* List Items */ = {
			isa = PBXGroup;
			children = (
				2F68F6D624172B20003FA2F6 /* FileListItemView.swift */,
				2F68F6D824172B49003FA2F6 /* FileListColorItemView.swift */,
			);
			path = "List Items";
			sourceTree = "<group>";
		};
		2F7FCF622418300E004C79AD /* AEXML */ = {
			isa = PBXGroup;
			children = (
				2F7FCF582418300A004C79AD /* Document.swift */,
				2F7FCF5A2418300A004C79AD /* Element.swift */,
				2F7FCF5C2418300B004C79AD /* Error.swift */,
				2F7FCF592418300A004C79AD /* Options.swift */,
				2F7FCF5B2418300B004C79AD /* Parser.swift */,
			);
			path = AEXML;
			sourceTree = "<group>";
		};
		2FB492B12417977500D0CEBF /* Models */ = {
			isa = PBXGroup;
			children = (
				2F68F6E124175234003FA2F6 /* FileModel.swift */,
				2F760705241867150051D8B5 /* CustomColor.swift */,
				2F0D9B55241797B4004DAB35 /* ColorReplacementModel.swift */,
				2F0D9B53241797A2004DAB35 /* ColorReplacementOperation.swift */,
			);
			path = Models;
			sourceTree = "<group>";
		};
		2FCBC7612417AB5500E290FD /* UI Elements */ = {
			isa = PBXGroup;
			children = (
				2F68F6DE24172C57003FA2F6 /* List Items */,
				2FCBC75F2417A54C00E290FD /* RadioButton.swift */,
			);
			path = "UI Elements";
			sourceTree = "<group>";
		};
		2FD802C42414232B00D07D08 = {
			isa = PBXGroup;
			children = (
				2FD802CF2414232B00D07D08 /* XcodeColorTool */,
				2FD802CE2414232B00D07D08 /* Products */,
			);
			sourceTree = "<group>";
		};
		2FD802CE2414232B00D07D08 /* Products */ = {
			isa = PBXGroup;
			children = (
				2FD802CD2414232B00D07D08 /* XcodeColorTool.app */,
			);
			name = Products;
			sourceTree = "<group>";
		};
		2FD802CF2414232B00D07D08 /* XcodeColorTool */ = {
			isa = PBXGroup;
			children = (
				2F7FCF622418300E004C79AD /* AEXML */,
				2FD802D02414232B00D07D08 /* AppDelegate.swift */,
				2FD802E724145F9600D07D08 /* XMLManager.swift */,
				2FB492B12417977500D0CEBF /* Models */,
				2FD802EB2414795600D07D08 /* Views */,
				2FE968102415DDD700401FDC /* Assets */,
				2FD802D62414232D00D07D08 /* Preview Content */,
			);
			path = XcodeColorTool;
			sourceTree = "<group>";
		};
		2FD802D62414232D00D07D08 /* Preview Content */ = {
			isa = PBXGroup;
			children = (
				2FD802D72414232D00D07D08 /* Preview Assets.xcassets */,
			);
			path = "Preview Content";
			sourceTree = "<group>";
		};
		2FD802EB2414795600D07D08 /* Views */ = {
			isa = PBXGroup;
			children = (
				2FCBC7612417AB5500E290FD /* UI Elements */,
				2FD802D22414232B00D07D08 /* ContentView.swift */,
				2FD802E32414313F00D07D08 /* DragAndDropView.swift */,
				2FD802E92414788E00D07D08 /* FileListView.swift */,
				2F68F6DC24172B96003FA2F6 /* FileListControls.swift */,
				2F68F6DF241733D1003FA2F6 /* ColorInputView.swift */,
			);
			path = Views;
			sourceTree = "<group>";
		};
		2FE968102415DDD700401FDC /* Assets */ = {
			isa = PBXGroup;
			children = (
				2F68F6DA24172B6B003FA2F6 /* Color + Hex.swift */,
				2FD802D42414232D00D07D08 /* Assets.xcassets */,
				2FD802D92414232D00D07D08 /* Main.storyboard */,
				2FD802DC2414232D00D07D08 /* Info.plist */,
				2FD802DD2414232D00D07D08 /* Xcode_color_tool.entitlements */,
			);
			path = Assets;
			sourceTree = "<group>";
		};
/* End PBXGroup section */

/* Begin PBXNativeTarget section */
		2FD802CC2414232B00D07D08 /* XcodeColorTool */ = {
			isa = PBXNativeTarget;
			buildConfigurationList = 2FD802E02414232D00D07D08 /* Build configuration list for PBXNativeTarget "XcodeColorTool" */;
			buildPhases = (
				2FD802C92414232B00D07D08 /* Sources */,
				2FD802CA2414232B00D07D08 /* Frameworks */,
				2FD802CB2414232B00D07D08 /* Resources */,
			);
			buildRules = (
			);
			dependencies = (
			);
			name = XcodeColorTool;
			productName = "Xcode color manager";
			productReference = 2FD802CD2414232B00D07D08 /* XcodeColorTool.app */;
			productType = "com.apple.product-type.application";
		};
/* End PBXNativeTarget section */

/* Begin PBXProject section */
		2FD802C52414232B00D07D08 /* Project object */ = {
			isa = PBXProject;
			attributes = {
				LastSwiftUpdateCheck = 1130;
				LastUpgradeCheck = 1130;
				ORGANIZATIONNAME = "Eduard Lisin";
				TargetAttributes = {
					2FD802CC2414232B00D07D08 = {
						CreatedOnToolsVersion = 11.3.1;
					};
				};
			};
			buildConfigurationList = 2FD802C82414232B00D07D08 /* Build configuration list for PBXProject "XcodeColorTool" */;
			compatibilityVersion = "Xcode 9.3";
			developmentRegion = en;
			hasScannedForEncodings = 0;
			knownRegions = (
				en,
				Base,
			);
			mainGroup = 2FD802C42414232B00D07D08;
			productRefGroup = 2FD802CE2414232B00D07D08 /* Products */;
			projectDirPath = "";
			projectRoot = "";
			targets = (
				2FD802CC2414232B00D07D08 /* XcodeColorTool */,
			);
		};
/* End PBXProject section */

/* Begin PBXResourcesBuildPhase section */
		2FD802CB2414232B00D07D08 /* Resources */ = {
			isa = PBXResourcesBuildPhase;
			buildActionMask = 2147483647;
			files = (
				2FD802DB2414232D00D07D08 /* Main.storyboard in Resources */,
				2FD802D82414232D00D07D08 /* Preview Assets.xcassets in Resources */,
				2FD802D52414232D00D07D08 /* Assets.xcassets in Resources */,
			);
			runOnlyForDeploymentPostprocessing = 0;
		};
/* End PBXResourcesBuildPhase section */

/* Begin PBXSourcesBuildPhase section */
		2FD802C92414232B00D07D08 /* Sources */ = {
			isa = PBXSourcesBuildPhase;
			buildActionMask = 2147483647;
			files = (
				2F68F6D924172B49003FA2F6 /* FileListColorItemView.swift in Sources */,
				2F68F6E0241733D1003FA2F6 /* ColorInputView.swift in Sources */,
				2F7FCF5F2418300B004C79AD /* Element.swift in Sources */,
				2FD802D32414232B00D07D08 /* ContentView.swift in Sources */,
				2F7FCF5E2418300B004C79AD /* Options.swift in Sources */,
				2FD802E42414313F00D07D08 /* DragAndDropView.swift in Sources */,
				2F68F6DD24172B96003FA2F6 /* FileListControls.swift in Sources */,
				2F7FCF612418300B004C79AD /* Error.swift in Sources */,
				2F0D9B56241797B4004DAB35 /* ColorReplacementModel.swift in Sources */,
				2FD802EA2414788E00D07D08 /* FileListView.swift in Sources */,
				2F7FCF5D2418300B004C79AD /* Document.swift in Sources */,
				2F68F6D724172B20003FA2F6 /* FileListItemView.swift in Sources */,
				2FD802D12414232B00D07D08 /* AppDelegate.swift in Sources */,
				2F68F6DB24172B6B003FA2F6 /* Color + Hex.swift in Sources */,
				2F0D9B54241797A2004DAB35 /* ColorReplacementOperation.swift in Sources */,
				2F7FCF602418300B004C79AD /* Parser.swift in Sources */,
				2FCBC7602417A54C00E290FD /* RadioButton.swift in Sources */,
				2FD802E824145F9600D07D08 /* XMLManager.swift in Sources */,
				2F760706241867150051D8B5 /* CustomColor.swift in Sources */,
				2F68F6E224175234003FA2F6 /* FileModel.swift in Sources */,
			);
			runOnlyForDeploymentPostprocessing = 0;
		};
/* End PBXSourcesBuildPhase section */

/* Begin PBXVariantGroup section */
		2FD802D92414232D00D07D08 /* Main.storyboard */ = {
			isa = PBXVariantGroup;
			children = (
				2FD802DA2414232D00D07D08 /* Base */,
			);
			name = Main.storyboard;
			sourceTree = "<group>";
		};
/* End PBXVariantGroup section */

/* Begin XCBuildConfiguration section */
		2FD802DE2414232D00D07D08 /* Debug */ = {
			isa = XCBuildConfiguration;
			buildSettings = {
				ALWAYS_SEARCH_USER_PATHS = NO;
				CLANG_ANALYZER_NONNULL = YES;
				CLANG_ANALYZER_NUMBER_OBJECT_CONVERSION = YES_AGGRESSIVE;
				CLANG_CXX_LANGUAGE_STANDARD = "gnu++14";
				CLANG_CXX_LIBRARY = "libc++";
				CLANG_ENABLE_MODULES = YES;
				CLANG_ENABLE_OBJC_ARC = YES;
				CLANG_ENABLE_OBJC_WEAK = YES;
				CLANG_WARN_BLOCK_CAPTURE_AUTORELEASING = YES;
				CLANG_WARN_BOOL_CONVERSION = YES;
				CLANG_WARN_COMMA = YES;
				CLANG_WARN_CONSTANT_CONVERSION = YES;
				CLANG_WARN_DEPRECATED_OBJC_IMPLEMENTATIONS = YES;
				CLANG_WARN_DIRECT_OBJC_ISA_USAGE = YES_ERROR;
				CLANG_WARN_DOCUMENTATION_COMMENTS = YES;
				CLANG_WARN_EMPTY_BODY = YES;
				CLANG_WARN_ENUM_CONVERSION = YES;
				CLANG_WARN_INFINITE_RECURSION = YES;
				CLANG_WARN_INT_CONVERSION = YES;
				CLANG_WARN_NON_LITERAL_NULL_CONVERSION = YES;
				CLANG_WARN_OBJC_IMPLICIT_RETAIN_SELF = YES;
				CLANG_WARN_OBJC_LITERAL_CONVERSION = YES;
				CLANG_WARN_OBJC_ROOT_CLASS = YES_ERROR;
				CLANG_WARN_RANGE_LOOP_ANALYSIS = YES;
				CLANG_WARN_STRICT_PROTOTYPES = YES;
				CLANG_WARN_SUSPICIOUS_MOVE = YES;
				CLANG_WARN_UNGUARDED_AVAILABILITY = YES_AGGRESSIVE;
				CLANG_WARN_UNREACHABLE_CODE = YES;
				CLANG_WARN__DUPLICATE_METHOD_MATCH = YES;
				COPY_PHASE_STRIP = NO;
				DEBUG_INFORMATION_FORMAT = dwarf;
				ENABLE_STRICT_OBJC_MSGSEND = YES;
				ENABLE_TESTABILITY = YES;
				GCC_C_LANGUAGE_STANDARD = gnu11;
				GCC_DYNAMIC_NO_PIC = NO;
				GCC_NO_COMMON_BLOCKS = YES;
				GCC_OPTIMIZATION_LEVEL = 0;
				GCC_PREPROCESSOR_DEFINITIONS = (
					"DEBUG=1",
					"$(inherited)",
				);
				GCC_WARN_64_TO_32_BIT_CONVERSION = YES;
				GCC_WARN_ABOUT_RETURN_TYPE = YES_ERROR;
				GCC_WARN_UNDECLARED_SELECTOR = YES;
				GCC_WARN_UNINITIALIZED_AUTOS = YES_AGGRESSIVE;
				GCC_WARN_UNUSED_FUNCTION = YES;
				GCC_WARN_UNUSED_VARIABLE = YES;
				MACOSX_DEPLOYMENT_TARGET = 10.15;
				MTL_ENABLE_DEBUG_INFO = INCLUDE_SOURCE;
				MTL_FAST_MATH = YES;
				ONLY_ACTIVE_ARCH = YES;
				SDKROOT = macosx;
				SWIFT_ACTIVE_COMPILATION_CONDITIONS = DEBUG;
				SWIFT_OPTIMIZATION_LEVEL = "-Onone";
			};
			name = Debug;
		};
		2FD802DF2414232D00D07D08 /* Release */ = {
			isa = XCBuildConfiguration;
			buildSettings = {
				ALWAYS_SEARCH_USER_PATHS = NO;
				CLANG_ANALYZER_NONNULL = YES;
				CLANG_ANALYZER_NUMBER_OBJECT_CONVERSION = YES_AGGRESSIVE;
				CLANG_CXX_LANGUAGE_STANDARD = "gnu++14";
				CLANG_CXX_LIBRARY = "libc++";
				CLANG_ENABLE_MODULES = YES;
				CLANG_ENABLE_OBJC_ARC = YES;
				CLANG_ENABLE_OBJC_WEAK = YES;
				CLANG_WARN_BLOCK_CAPTURE_AUTORELEASING = YES;
				CLANG_WARN_BOOL_CONVERSION = YES;
				CLANG_WARN_COMMA = YES;
				CLANG_WARN_CONSTANT_CONVERSION = YES;
				CLANG_WARN_DEPRECATED_OBJC_IMPLEMENTATIONS = YES;
				CLANG_WARN_DIRECT_OBJC_ISA_USAGE = YES_ERROR;
				CLANG_WARN_DOCUMENTATION_COMMENTS = YES;
				CLANG_WARN_EMPTY_BODY = YES;
				CLANG_WARN_ENUM_CONVERSION = YES;
				CLANG_WARN_INFINITE_RECURSION = YES;
				CLANG_WARN_INT_CONVERSION = YES;
				CLANG_WARN_NON_LITERAL_NULL_CONVERSION = YES;
				CLANG_WARN_OBJC_IMPLICIT_RETAIN_SELF = YES;
				CLANG_WARN_OBJC_LITERAL_CONVERSION = YES;
				CLANG_WARN_OBJC_ROOT_CLASS = YES_ERROR;
				CLANG_WARN_RANGE_LOOP_ANALYSIS = YES;
				CLANG_WARN_STRICT_PROTOTYPES = YES;
				CLANG_WARN_SUSPICIOUS_MOVE = YES;
				CLANG_WARN_UNGUARDED_AVAILABILITY = YES_AGGRESSIVE;
				CLANG_WARN_UNREACHABLE_CODE = YES;
				CLANG_WARN__DUPLICATE_METHOD_MATCH = YES;
				COPY_PHASE_STRIP = NO;
				DEBUG_INFORMATION_FORMAT = "dwarf-with-dsym";
				ENABLE_NS_ASSERTIONS = NO;
				ENABLE_STRICT_OBJC_MSGSEND = YES;
				GCC_C_LANGUAGE_STANDARD = gnu11;
				GCC_NO_COMMON_BLOCKS = YES;
				GCC_WARN_64_TO_32_BIT_CONVERSION = YES;
				GCC_WARN_ABOUT_RETURN_TYPE = YES_ERROR;
				GCC_WARN_UNDECLARED_SELECTOR = YES;
				GCC_WARN_UNINITIALIZED_AUTOS = YES_AGGRESSIVE;
				GCC_WARN_UNUSED_FUNCTION = YES;
				GCC_WARN_UNUSED_VARIABLE = YES;
				MACOSX_DEPLOYMENT_TARGET = 10.15;
				MTL_ENABLE_DEBUG_INFO = NO;
				MTL_FAST_MATH = YES;
				SDKROOT = macosx;
				SWIFT_COMPILATION_MODE = wholemodule;
				SWIFT_OPTIMIZATION_LEVEL = "-O";
			};
			name = Release;
		};
		2FD802E12414232D00D07D08 /* Debug */ = {
			isa = XCBuildConfiguration;
			buildSettings = {
				ASSETCATALOG_COMPILER_APPICON_NAME = AppIcon;
				CODE_SIGN_ENTITLEMENTS = XcodeColorTool/Assets/Xcode_color_tool.entitlements;
				CODE_SIGN_STYLE = Automatic;
				COMBINE_HIDPI_IMAGES = YES;
				DEVELOPMENT_ASSET_PATHS = "\"XcodeColorTool/Preview Content\"";
				DEVELOPMENT_TEAM = FM3GH9DAZN;
				ENABLE_HARDENED_RUNTIME = YES;
				ENABLE_PREVIEWS = YES;
				INFOPLIST_FILE = XcodeColorTool/Assets/Info.plist;
				LD_RUNPATH_SEARCH_PATHS = (
					"$(inherited)",
					"@executable_path/../Frameworks",
				);
				MACOSX_DEPLOYMENT_TARGET = 10.15;
				PRODUCT_BUNDLE_IDENTIFIER = "ursanotsomajor.xcode-color-tool";
				PRODUCT_NAME = "$(TARGET_NAME)";
				SWIFT_VERSION = 5.0;
			};
			name = Debug;
		};
		2FD802E22414232D00D07D08 /* Release */ = {
			isa = XCBuildConfiguration;
			buildSettings = {
				ASSETCATALOG_COMPILER_APPICON_NAME = AppIcon;
				CODE_SIGN_ENTITLEMENTS = XcodeColorTool/Assets/Xcode_color_tool.entitlements;
				CODE_SIGN_STYLE = Automatic;
				COMBINE_HIDPI_IMAGES = YES;
				DEVELOPMENT_ASSET_PATHS = "\"XcodeColorTool/Preview Content\"";
				DEVELOPMENT_TEAM = FM3GH9DAZN;
				ENABLE_HARDENED_RUNTIME = YES;
				ENABLE_PREVIEWS = YES;
				INFOPLIST_FILE = XcodeColorTool/Assets/Info.plist;
				LD_RUNPATH_SEARCH_PATHS = (
					"$(inherited)",
					"@executable_path/../Frameworks",
				);
				MACOSX_DEPLOYMENT_TARGET = 10.15;
				PRODUCT_BUNDLE_IDENTIFIER = "ursanotsomajor.xcode-color-tool";
				PRODUCT_NAME = "$(TARGET_NAME)";
				SWIFT_VERSION = 5.0;
			};
			name = Release;
		};
/* End XCBuildConfiguration section */

/* Begin XCConfigurationList section */
		2FD802C82414232B00D07D08 /* Build configuration list for PBXProject "XcodeColorTool" */ = {
			isa = XCConfigurationList;
			buildConfigurations = (
				2FD802DE2414232D00D07D08 /* Debug */,
				2FD802DF2414232D00D07D08 /* Release */,
			);
			defaultConfigurationIsVisible = 0;
			defaultConfigurationName = Release;
		};
		2FD802E02414232D00D07D08 /* Build configuration list for PBXNativeTarget "XcodeColorTool" */ = {
			isa = XCConfigurationList;
			buildConfigurations = (
				2FD802E12414232D00D07D08 /* Debug */,
				2FD802E22414232D00D07D08 /* Release */,
			);
			defaultConfigurationIsVisible = 0;
			defaultConfigurationName = Release;
		};
/* End XCConfigurationList section */
	};
	rootObject = 2FD802C52414232B00D07D08 /* Project object */;
}
